# This file was autogenerated by Stack.
# You should not edit this file by hand.
# For more information, please see the documentation at:
#   https://docs.haskellstack.org/en/stable/lock_files

packages:
- completed:
    hackage: hidden-char-0.1.0.2@sha256:4aff0d02f90959e84504e420d96da6e1189a456b5c5379474a598d48327cd838,2357
    pantry-tree:
      size: 535
      sha256: 3b3e03b0fabf5b461ca6f1a2368e766e31df8b2aa2942394196f6302365e3ee5
  original:
    hackage: hidden-char-0.1.0.2@sha256:4aff0d02f90959e84504e420d96da6e1189a456b5c5379474a598d48327cd838,2357
snapshots:
- completed:
    size: 586296
    url: https://raw.githubusercontent.com/commercialhaskell/stackage-snapshots/master/lts/18/18.yaml
    sha256: 63539429076b7ebbab6daa7656cfb079393bf644971156dc349d7c0453694ac2
  original:
    url: https://raw.githubusercontent.com/commercialhaskell/stackage-snapshots/master/lts/18/18.yaml
